
Microsoft Visual Studio Solution File, Format Version 12.00
# Visual Studio Version 16
VisualStudioVersion = 16.0.30114.105
MinimumVisualStudioVersion = 10.0.40219.1
Project("{9A19103F-16F7-4668-BE54-9A1E7A4F7556}") = "MyClient.MVC", "MyClient.MVC\MyClient.MVC.csproj", "{751714FB-AE74-4B90-8CA8-F6E22D6BD9A8}"
EndProject
Project("{9A19103F-16F7-4668-BE54-9A1E7A4F7556}") = "MyClient.Dto", "MyClient.Dto\MyClient.Dto.csproj", "{00488FBA-B45E-440B-AE0E-5F192B9A4FCD}"
EndProject
Project("{9A19103F-16F7-4668-BE54-9A1E7A4F7556}") = "MyClient.DAL", "MyClient.DAL\MyClient.DAL.csproj", "{8DB63FF7-70F3-4C32-87EA-9A9205522A76}"
EndProject
Global
	GlobalSection(SolutionConfigurationPlatforms) = preSolution
		Debug|Any CPU = Debug|Any CPU
		Release|Any CPU = Release|Any CPU
	EndGlobalSection
	GlobalSection(ProjectConfigurationPlatforms) = postSolution
		{751714FB-AE74-4B90-8CA8-F6E22D6BD9A8}.Debug|Any CPU.ActiveCfg = Debug|Any CPU
		{751714FB-AE74-4B90-8CA8-F6E22D6BD9A8}.Debug|Any CPU.Build.0 = Debug|Any CPU
		{751714FB-AE74-4B90-8CA8-F6E22D6BD9A8}.Release|Any CPU.ActiveCfg = Release|Any CPU
		{751714FB-AE74-4B90-8CA8-F6E22D6BD9A8}.Release|Any CPU.Build.0 = Release|Any CPU
		{00488FBA-B45E-440B-AE0E-5F192B9A4FCD}.Debug|Any CPU.ActiveCfg = Debug|Any CPU
		{00488FBA-B45E-440B-AE0E-5F192B9A4FCD}.Debug|Any CPU.Build.0 = Debug|Any CPU
		{00488FBA-B45E-440B-AE0E-5F192B9A4FCD}.Release|Any CPU.ActiveCfg = Release|Any CPU
		{00488FBA-B45E-440B-AE0E-5F192B9A4FCD}.Release|Any CPU.Build.0 = Release|Any CPU
		{8DB63FF7-70F3-4C32-87EA-9A9205522A76}.Debug|Any CPU.ActiveCfg = Debug|Any CPU
		{8DB63FF7-70F3-4C32-87EA-9A9205522A76}.Debug|Any CPU.Build.0 = Debug|Any CPU
		{8DB63FF7-70F3-4C32-87EA-9A9205522A76}.Release|Any CPU.ActiveCfg = Release|Any CPU
		{8DB63FF7-70F3-4C32-87EA-9A9205522A76}.Release|Any CPU.Build.0 = Release|Any CPU
	EndGlobalSection
	GlobalSection(SolutionProperties) = preSolution
		HideSolutionNode = FALSE
	EndGlobalSection
	GlobalSection(ExtensibilityGlobals) = postSolution
		SolutionGuid = {0D161A0A-50D8-4452-BFBE-EB2B6F2B05F7}
	EndGlobalSection
EndGlobal
