
Microsoft Visual Studio Solution File, Format Version 12.00
# Visual Studio Version 16
VisualStudioVersion = 16.0.30114.105
MinimumVisualStudioVersion = 10.0.40219.1
Project("{FAE04EC0-301F-11D3-BF4B-00C04F79EFBC}") = "MyClient.MVC", "MyClient.MVC\MyClient.MVC.csproj", "{751714FB-AE74-4B90-8CA8-F6E22D6BD9A8}"
EndProject
Project("{FAE04EC0-301F-11D3-BF4B-00C04F79EFBC}") = "MyClient.DAL", "MyClient.DEL\MyClient.DAL.csproj", "{7F466C7B-8CCD-4A10-9FC0-555712274ECD}"
EndProject
Project("{FAE04EC0-301F-11D3-BF4B-00C04F79EFBC}") = "MyClient.Dto", "MyClient.dteau\MyClient.Dto.csproj", "{5BA62716-6F54-4407-B796-D6A0B2364CE6}"
EndProject
Global
	GlobalSection(SolutionConfigurationPlatforms) = preSolution
		Debug|Any CPU = Debug|Any CPU
		Release|Any CPU = Release|Any CPU
	EndGlobalSection
	GlobalSection(ProjectConfigurationPlatforms) = postSolution
		{751714FB-AE74-4B90-8CA8-F6E22D6BD9A8}.Debug|Any CPU.ActiveCfg = Debug|Any CPU
		{751714FB-AE74-4B90-8CA8-F6E22D6BD9A8}.Debug|Any CPU.Build.0 = Debug|Any CPU
		{751714FB-AE74-4B90-8CA8-F6E22D6BD9A8}.Release|Any CPU.ActiveCfg = Release|Any CPU
		{751714FB-AE74-4B90-8CA8-F6E22D6BD9A8}.Release|Any CPU.Build.0 = Release|Any CPU
		{7F466C7B-8CCD-4A10-9FC0-555712274ECD}.Debug|Any CPU.ActiveCfg = Debug|Any CPU
		{7F466C7B-8CCD-4A10-9FC0-555712274ECD}.Debug|Any CPU.Build.0 = Debug|Any CPU
		{7F466C7B-8CCD-4A10-9FC0-555712274ECD}.Release|Any CPU.ActiveCfg = Release|Any CPU
		{7F466C7B-8CCD-4A10-9FC0-555712274ECD}.Release|Any CPU.Build.0 = Release|Any CPU
		{5BA62716-6F54-4407-B796-D6A0B2364CE6}.Debug|Any CPU.ActiveCfg = Debug|Any CPU
		{5BA62716-6F54-4407-B796-D6A0B2364CE6}.Debug|Any CPU.Build.0 = Debug|Any CPU
		{5BA62716-6F54-4407-B796-D6A0B2364CE6}.Release|Any CPU.ActiveCfg = Release|Any CPU
		{5BA62716-6F54-4407-B796-D6A0B2364CE6}.Release|Any CPU.Build.0 = Release|Any CPU
	EndGlobalSection
	GlobalSection(SolutionProperties) = preSolution
		HideSolutionNode = FALSE
	EndGlobalSection
	GlobalSection(ExtensibilityGlobals) = postSolution
		SolutionGuid = {0D161A0A-50D8-4452-BFBE-EB2B6F2B05F7}
	EndGlobalSection
EndGlobal
